
Microsoft Visual Studio Solution File, Format Version 12.00
# Visual Studio Version 17
VisualStudioVersion = 17.7.34018.315
MinimumVisualStudioVersion = 10.0.40219.1
Project("{9A19103F-16F7-4668-BE54-9A1E7A4F7556}") = "sirewebcore", "sierwebcore\sirewebcore.csproj", "{0CDE2757-5D6B-49B6-92E7-B0723A0538DD}"
EndProject
Project("{9A19103F-16F7-4668-BE54-9A1E7A4F7556}") = "Layer.Domain", "Layer.Domain\Layer.Domain.csproj", "{55D101AB-E476-4173-9535-039D92E84F9A}"
EndProject
Project("{9A19103F-16F7-4668-BE54-9A1E7A4F7556}") = "Layer.AccessData", "Layer.AccessData\Layer.AccessData.csproj", "{7F878287-2E51-4596-9603-D2A540972D53}"
EndProject
Project("{9A19103F-16F7-4668-BE54-9A1E7A4F7556}") = "Layer.Entity", "Layer.Entity\Layer.Entity.csproj", "{A01A433F-92D6-45FA-93D9-86C776E504E6}"
EndProject
Project("{FAE04EC0-301F-11D3-BF4B-00C04F79EFBC}") = "API", "..\..\..\NET\CodesicorpService\API\API.csproj", "{98413584-12BE-455B-AE52-4DBF65747EF7}"
EndProject
Global
	GlobalSection(SolutionConfigurationPlatforms) = preSolution
		Debug|Any CPU = Debug|Any CPU
		Release|Any CPU = Release|Any CPU
	EndGlobalSection
	GlobalSection(ProjectConfigurationPlatforms) = postSolution
		{0CDE2757-5D6B-49B6-92E7-B0723A0538DD}.Debug|Any CPU.ActiveCfg = Debug|Any CPU
		{0CDE2757-5D6B-49B6-92E7-B0723A0538DD}.Debug|Any CPU.Build.0 = Debug|Any CPU
		{0CDE2757-5D6B-49B6-92E7-B0723A0538DD}.Release|Any CPU.ActiveCfg = Release|Any CPU
		{0CDE2757-5D6B-49B6-92E7-B0723A0538DD}.Release|Any CPU.Build.0 = Release|Any CPU
		{55D101AB-E476-4173-9535-039D92E84F9A}.Debug|Any CPU.ActiveCfg = Debug|Any CPU
		{55D101AB-E476-4173-9535-039D92E84F9A}.Debug|Any CPU.Build.0 = Debug|Any CPU
		{55D101AB-E476-4173-9535-039D92E84F9A}.Release|Any CPU.ActiveCfg = Release|Any CPU
		{55D101AB-E476-4173-9535-039D92E84F9A}.Release|Any CPU.Build.0 = Release|Any CPU
		{7F878287-2E51-4596-9603-D2A540972D53}.Debug|Any CPU.ActiveCfg = Debug|Any CPU
		{7F878287-2E51-4596-9603-D2A540972D53}.Debug|Any CPU.Build.0 = Debug|Any CPU
		{7F878287-2E51-4596-9603-D2A540972D53}.Release|Any CPU.ActiveCfg = Release|Any CPU
		{7F878287-2E51-4596-9603-D2A540972D53}.Release|Any CPU.Build.0 = Release|Any CPU
		{A01A433F-92D6-45FA-93D9-86C776E504E6}.Debug|Any CPU.ActiveCfg = Debug|Any CPU
		{A01A433F-92D6-45FA-93D9-86C776E504E6}.Debug|Any CPU.Build.0 = Debug|Any CPU
		{A01A433F-92D6-45FA-93D9-86C776E504E6}.Release|Any CPU.ActiveCfg = Release|Any CPU
		{A01A433F-92D6-45FA-93D9-86C776E504E6}.Release|Any CPU.Build.0 = Release|Any CPU
		{98413584-12BE-455B-AE52-4DBF65747EF7}.Debug|Any CPU.ActiveCfg = Debug|Any CPU
		{98413584-12BE-455B-AE52-4DBF65747EF7}.Debug|Any CPU.Build.0 = Debug|Any CPU
		{98413584-12BE-455B-AE52-4DBF65747EF7}.Release|Any CPU.ActiveCfg = Release|Any CPU
		{98413584-12BE-455B-AE52-4DBF65747EF7}.Release|Any CPU.Build.0 = Release|Any CPU
	EndGlobalSection
	GlobalSection(SolutionProperties) = preSolution
		HideSolutionNode = FALSE
	EndGlobalSection
	GlobalSection(ExtensibilityGlobals) = postSolution
		SolutionGuid = {52C9BAC7-5FB2-4C4E-B5FC-1893117A7423}
	EndGlobalSection
EndGlobal
